
Microsoft Visual Studio Solution File, Format Version 12.00
# Visual Studio 2013
VisualStudioVersion = 12.0.30110.0
MinimumVisualStudioVersion = 10.0.40219.1
Project("{FAE04EC0-301F-11D3-BF4B-00C04F79EFBC}") = "BerpGherkinParser", "BerpGherkinParser\BerpGherkinParser.csproj", "{B11D811B-9A00-4475-807F-C47CF09A6B61}"
EndProject
Project("{2150E333-8FDC-42A3-9474-1A3956D46DE8}") = "Solution Items", "Solution Items", "{AF5278B5-D466-4C6B-BCED-7E9F40D9CB8D}"
	ProjectSection(SolutionItems) = preProject
		..\GherkinGrammar.berp = ..\GherkinGrammar.berp
	EndProjectSection
EndProject
Global
	GlobalSection(SolutionConfigurationPlatforms) = preSolution
		Debug|Any CPU = Debug|Any CPU
		Release|Any CPU = Release|Any CPU
	EndGlobalSection
	GlobalSection(ProjectConfigurationPlatforms) = postSolution
		{B11D811B-9A00-4475-807F-C47CF09A6B61}.Debug|Any CPU.ActiveCfg = Debug|Any CPU
		{B11D811B-9A00-4475-807F-C47CF09A6B61}.Debug|Any CPU.Build.0 = Debug|Any CPU
		{B11D811B-9A00-4475-807F-C47CF09A6B61}.Release|Any CPU.ActiveCfg = Release|Any CPU
		{B11D811B-9A00-4475-807F-C47CF09A6B61}.Release|Any CPU.Build.0 = Release|Any CPU
	EndGlobalSection
	GlobalSection(SolutionProperties) = preSolution
		HideSolutionNode = FALSE
	EndGlobalSection
EndGlobal
